
Microsoft Visual Studio Solution File, Format Version 12.00
# Visual Studio Version 16
VisualStudioVersion = 16.0.32901.82
MinimumVisualStudioVersion = 10.0.40219.1
Project("{FAE04EC0-301F-11D3-BF4B-00C04F79EFBC}") = "Exercise1Weekdays", "Exercise1Weekdays.csproj", "{29141AF7-9B76-492E-8EEA-9FFD33BAEF00}"
EndProject
Global
	GlobalSection(SolutionConfigurationPlatforms) = preSolution
		Debug|Any CPU = Debug|Any CPU
		Release|Any CPU = Release|Any CPU
	EndGlobalSection
	GlobalSection(ProjectConfigurationPlatforms) = postSolution
		{29141AF7-9B76-492E-8EEA-9FFD33BAEF00}.Debug|Any CPU.ActiveCfg = Debug|Any CPU
		{29141AF7-9B76-492E-8EEA-9FFD33BAEF00}.Debug|Any CPU.Build.0 = Debug|Any CPU
		{29141AF7-9B76-492E-8EEA-9FFD33BAEF00}.Release|Any CPU.ActiveCfg = Release|Any CPU
		{29141AF7-9B76-492E-8EEA-9FFD33BAEF00}.Release|Any CPU.Build.0 = Release|Any CPU
	EndGlobalSection
	GlobalSection(SolutionProperties) = preSolution
		HideSolutionNode = FALSE
	EndGlobalSection
	GlobalSection(ExtensibilityGlobals) = postSolution
		SolutionGuid = {75C84152-8CBA-4004-B2EE-98F1E3D0ABB6}
	EndGlobalSection
EndGlobal
